
Microsoft Visual Studio Solution File, Format Version 12.00
# Visual Studio Version 17
VisualStudioVersion = 17.11.35312.102
MinimumVisualStudioVersion = 10.0.40219.1
Project("{FAE04EC0-301F-11D3-BF4B-00C04F79EFBC}") = "Costin_Eduard_Lab2", "Costin_Eduard_Lab2.csproj", "{36CCD4A0-2C97-4320-8E66-E4FE3D800D19}"
EndProject
Global
	GlobalSection(SolutionConfigurationPlatforms) = preSolution
		Debug|Any CPU = Debug|Any CPU
		Release|Any CPU = Release|Any CPU
	EndGlobalSection
	GlobalSection(ProjectConfigurationPlatforms) = postSolution
		{36CCD4A0-2C97-4320-8E66-E4FE3D800D19}.Debug|Any CPU.ActiveCfg = Debug|Any CPU
		{36CCD4A0-2C97-4320-8E66-E4FE3D800D19}.Debug|Any CPU.Build.0 = Debug|Any CPU
		{36CCD4A0-2C97-4320-8E66-E4FE3D800D19}.Release|Any CPU.ActiveCfg = Release|Any CPU
		{36CCD4A0-2C97-4320-8E66-E4FE3D800D19}.Release|Any CPU.Build.0 = Release|Any CPU
	EndGlobalSection
	GlobalSection(SolutionProperties) = preSolution
		HideSolutionNode = FALSE
	EndGlobalSection
	GlobalSection(ExtensibilityGlobals) = postSolution
		SolutionGuid = {195A94EE-5445-4D6F-A54E-BF55DD313415}
	EndGlobalSection
EndGlobal
